
Microsoft Visual Studio Solution File, Format Version 12.00
# Visual Studio Version 16
VisualStudioVersion = 16.0.29709.97
MinimumVisualStudioVersion = 10.0.40219.1
Project("{FAE04EC0-301F-11D3-BF4B-00C04F79EFBC}") = "Exercício - Calcular", "Exercício - Calcular.csproj", "{A54CDB73-A7B3-48C5-B9E3-ABCCF9D3EBCE}"
EndProject
Global
	GlobalSection(SolutionConfigurationPlatforms) = preSolution
		Debug|Any CPU = Debug|Any CPU
		Release|Any CPU = Release|Any CPU
	EndGlobalSection
	GlobalSection(ProjectConfigurationPlatforms) = postSolution
		{A54CDB73-A7B3-48C5-B9E3-ABCCF9D3EBCE}.Debug|Any CPU.ActiveCfg = Debug|Any CPU
		{A54CDB73-A7B3-48C5-B9E3-ABCCF9D3EBCE}.Debug|Any CPU.Build.0 = Debug|Any CPU
		{A54CDB73-A7B3-48C5-B9E3-ABCCF9D3EBCE}.Release|Any CPU.ActiveCfg = Release|Any CPU
		{A54CDB73-A7B3-48C5-B9E3-ABCCF9D3EBCE}.Release|Any CPU.Build.0 = Release|Any CPU
	EndGlobalSection
	GlobalSection(SolutionProperties) = preSolution
		HideSolutionNode = FALSE
	EndGlobalSection
	GlobalSection(ExtensibilityGlobals) = postSolution
		SolutionGuid = {AF9EC330-3027-4A9F-8CA1-F57B3148FB83}
	EndGlobalSection
EndGlobal
