
Microsoft Visual Studio Solution File, Format Version 12.00
# Visual Studio Version 16
VisualStudioVersion = 16.0.29709.97
MinimumVisualStudioVersion = 10.0.40219.1
Project("{FAE04EC0-301F-11D3-BF4B-00C04F79EFBC}") = "Calculos_Básicos", "Calculos_Básicos.csproj", "{6B69DD0A-768D-46EB-8375-03FA9C5FF792}"
EndProject
Global
	GlobalSection(SolutionConfigurationPlatforms) = preSolution
		Debug|Any CPU = Debug|Any CPU
		Release|Any CPU = Release|Any CPU
	EndGlobalSection
	GlobalSection(ProjectConfigurationPlatforms) = postSolution
		{6B69DD0A-768D-46EB-8375-03FA9C5FF792}.Debug|Any CPU.ActiveCfg = Debug|Any CPU
		{6B69DD0A-768D-46EB-8375-03FA9C5FF792}.Debug|Any CPU.Build.0 = Debug|Any CPU
		{6B69DD0A-768D-46EB-8375-03FA9C5FF792}.Release|Any CPU.ActiveCfg = Release|Any CPU
		{6B69DD0A-768D-46EB-8375-03FA9C5FF792}.Release|Any CPU.Build.0 = Release|Any CPU
	EndGlobalSection
	GlobalSection(SolutionProperties) = preSolution
		HideSolutionNode = FALSE
	EndGlobalSection
	GlobalSection(ExtensibilityGlobals) = postSolution
		SolutionGuid = {6994ABC6-3303-4AE2-B1A0-803E7BAF8E57}
	EndGlobalSection
EndGlobal
